
Microsoft Visual Studio Solution File, Format Version 12.00
# Visual Studio Version 17
VisualStudioVersion = 17.11.35312.102
MinimumVisualStudioVersion = 10.0.40219.1
Project("{FAE04EC0-301F-11D3-BF4B-00C04F79EFBC}") = "L01.MainSubjects", "L01.MainSubjects\L01.MainSubjects.csproj", "{61A58A5F-E866-4B9E-BD44-0AEFF2B253CB}"
EndProject
Project("{2150E333-8FDC-42A3-9474-1A3956D46DE8}") = "Notes", "Notes", "{C839F48E-FCA7-4180-8A46-2CF2209DDDA5}"
	ProjectSection(SolutionItems) = preProject
		Notes\Konular.txt = Notes\Konular.txt
	EndProjectSection
EndProject
Project("{2150E333-8FDC-42A3-9474-1A3956D46DE8}") = "Homeworks", "Homeworks", "{3841AB26-919C-4171-9B3E-2701F3E5ADA8}"
EndProject
Project("{FAE04EC0-301F-11D3-BF4B-00C04F79EFBC}") = "L02.Variables", "L02.Variables\L02.Variables.csproj", "{A592A18F-41CD-4C78-8F91-8D9A84BB7344}"
EndProject
Project("{FAE04EC0-301F-11D3-BF4B-00C04F79EFBC}") = "L03.MakingDecision", "L03.MakingDecision\L03.MakingDecision.csproj", "{3416472E-3CA6-416B-A76C-B45ED273929E}"
EndProject
Project("{FAE04EC0-301F-11D3-BF4B-00C04F79EFBC}") = "L04.Loops", "L04.Loops\L04.Loops.csproj", "{1525204B-B06E-4320-B837-F1AC57D1D628}"
EndProject
Project("{FAE04EC0-301F-11D3-BF4B-00C04F79EFBC}") = "L05.LoopsWithStars", "L05.LoopsWithStarts\L05.LoopsWithStars.csproj", "{E412B88D-BAFB-449B-927D-3E03F9EBF709}"
EndProject
Project("{FAE04EC0-301F-11D3-BF4B-00C04F79EFBC}") = "L06.Arrays", "L06.Arrays\L06.Arrays.csproj", "{48B23E6A-21DB-45F7-B65F-F762B351FCAB}"
EndProject
Project("{FAE04EC0-301F-11D3-BF4B-00C04F79EFBC}") = "L07.ForeachLoop", "L07.ForeachLoop\L07.ForeachLoop.csproj", "{C26076F1-97F1-4AEF-A0D5-5D08CD7002FC}"
EndProject
Project("{FAE04EC0-301F-11D3-BF4B-00C04F79EFBC}") = "L08.Methods", "L08.Methods\L08.Methods.csproj", "{ABD95D49-498E-4D0B-ABB7-708D567A8D90}"
EndProject
Project("{FAE04EC0-301F-11D3-BF4B-00C04F79EFBC}") = "L09.DatabaseProject", "L09.DatabaseProject\L09.DatabaseProject.csproj", "{A5F7C626-4087-4755-80B7-F80C080E0637}"
EndProject
Project("{FAE04EC0-301F-11D3-BF4B-00C04F79EFBC}") = "01.CollectionInitializer", "Notes\01.CollectionInitializer\01.CollectionInitializer.csproj", "{458E744A-9CEB-4368-B820-6E3ED3E7979D}"
EndProject
Global
	GlobalSection(SolutionConfigurationPlatforms) = preSolution
		Debug|Any CPU = Debug|Any CPU
		Release|Any CPU = Release|Any CPU
	EndGlobalSection
	GlobalSection(ProjectConfigurationPlatforms) = postSolution
		{61A58A5F-E866-4B9E-BD44-0AEFF2B253CB}.Debug|Any CPU.ActiveCfg = Debug|Any CPU
		{61A58A5F-E866-4B9E-BD44-0AEFF2B253CB}.Debug|Any CPU.Build.0 = Debug|Any CPU
		{61A58A5F-E866-4B9E-BD44-0AEFF2B253CB}.Release|Any CPU.ActiveCfg = Release|Any CPU
		{61A58A5F-E866-4B9E-BD44-0AEFF2B253CB}.Release|Any CPU.Build.0 = Release|Any CPU
		{A592A18F-41CD-4C78-8F91-8D9A84BB7344}.Debug|Any CPU.ActiveCfg = Debug|Any CPU
		{A592A18F-41CD-4C78-8F91-8D9A84BB7344}.Debug|Any CPU.Build.0 = Debug|Any CPU
		{A592A18F-41CD-4C78-8F91-8D9A84BB7344}.Release|Any CPU.ActiveCfg = Release|Any CPU
		{A592A18F-41CD-4C78-8F91-8D9A84BB7344}.Release|Any CPU.Build.0 = Release|Any CPU
		{3416472E-3CA6-416B-A76C-B45ED273929E}.Debug|Any CPU.ActiveCfg = Debug|Any CPU
		{3416472E-3CA6-416B-A76C-B45ED273929E}.Debug|Any CPU.Build.0 = Debug|Any CPU
		{3416472E-3CA6-416B-A76C-B45ED273929E}.Release|Any CPU.ActiveCfg = Release|Any CPU
		{3416472E-3CA6-416B-A76C-B45ED273929E}.Release|Any CPU.Build.0 = Release|Any CPU
		{1525204B-B06E-4320-B837-F1AC57D1D628}.Debug|Any CPU.ActiveCfg = Debug|Any CPU
		{1525204B-B06E-4320-B837-F1AC57D1D628}.Debug|Any CPU.Build.0 = Debug|Any CPU
		{1525204B-B06E-4320-B837-F1AC57D1D628}.Release|Any CPU.ActiveCfg = Release|Any CPU
		{1525204B-B06E-4320-B837-F1AC57D1D628}.Release|Any CPU.Build.0 = Release|Any CPU
		{E412B88D-BAFB-449B-927D-3E03F9EBF709}.Debug|Any CPU.ActiveCfg = Debug|Any CPU
		{E412B88D-BAFB-449B-927D-3E03F9EBF709}.Debug|Any CPU.Build.0 = Debug|Any CPU
		{E412B88D-BAFB-449B-927D-3E03F9EBF709}.Release|Any CPU.ActiveCfg = Release|Any CPU
		{E412B88D-BAFB-449B-927D-3E03F9EBF709}.Release|Any CPU.Build.0 = Release|Any CPU
		{48B23E6A-21DB-45F7-B65F-F762B351FCAB}.Debug|Any CPU.ActiveCfg = Debug|Any CPU
		{48B23E6A-21DB-45F7-B65F-F762B351FCAB}.Debug|Any CPU.Build.0 = Debug|Any CPU
		{48B23E6A-21DB-45F7-B65F-F762B351FCAB}.Release|Any CPU.ActiveCfg = Release|Any CPU
		{48B23E6A-21DB-45F7-B65F-F762B351FCAB}.Release|Any CPU.Build.0 = Release|Any CPU
		{C26076F1-97F1-4AEF-A0D5-5D08CD7002FC}.Debug|Any CPU.ActiveCfg = Debug|Any CPU
		{C26076F1-97F1-4AEF-A0D5-5D08CD7002FC}.Debug|Any CPU.Build.0 = Debug|Any CPU
		{C26076F1-97F1-4AEF-A0D5-5D08CD7002FC}.Release|Any CPU.ActiveCfg = Release|Any CPU
		{C26076F1-97F1-4AEF-A0D5-5D08CD7002FC}.Release|Any CPU.Build.0 = Release|Any CPU
		{ABD95D49-498E-4D0B-ABB7-708D567A8D90}.Debug|Any CPU.ActiveCfg = Debug|Any CPU
		{ABD95D49-498E-4D0B-ABB7-708D567A8D90}.Debug|Any CPU.Build.0 = Debug|Any CPU
		{ABD95D49-498E-4D0B-ABB7-708D567A8D90}.Release|Any CPU.ActiveCfg = Release|Any CPU
		{ABD95D49-498E-4D0B-ABB7-708D567A8D90}.Release|Any CPU.Build.0 = Release|Any CPU
		{A5F7C626-4087-4755-80B7-F80C080E0637}.Debug|Any CPU.ActiveCfg = Debug|Any CPU
		{A5F7C626-4087-4755-80B7-F80C080E0637}.Debug|Any CPU.Build.0 = Debug|Any CPU
		{A5F7C626-4087-4755-80B7-F80C080E0637}.Release|Any CPU.ActiveCfg = Release|Any CPU
		{A5F7C626-4087-4755-80B7-F80C080E0637}.Release|Any CPU.Build.0 = Release|Any CPU
		{458E744A-9CEB-4368-B820-6E3ED3E7979D}.Debug|Any CPU.ActiveCfg = Debug|Any CPU
		{458E744A-9CEB-4368-B820-6E3ED3E7979D}.Debug|Any CPU.Build.0 = Debug|Any CPU
		{458E744A-9CEB-4368-B820-6E3ED3E7979D}.Release|Any CPU.ActiveCfg = Release|Any CPU
		{458E744A-9CEB-4368-B820-6E3ED3E7979D}.Release|Any CPU.Build.0 = Release|Any CPU
	EndGlobalSection
	GlobalSection(SolutionProperties) = preSolution
		HideSolutionNode = FALSE
	EndGlobalSection
	GlobalSection(NestedProjects) = preSolution
		{458E744A-9CEB-4368-B820-6E3ED3E7979D} = {C839F48E-FCA7-4180-8A46-2CF2209DDDA5}
	EndGlobalSection
	GlobalSection(ExtensibilityGlobals) = postSolution
		SolutionGuid = {343C6A35-7DF2-492F-86F1-149560B59DB7}
	EndGlobalSection
EndGlobal
